
Microsoft Visual Studio Solution File, Format Version 12.00
# Visual Studio 15
VisualStudioVersion = 15.0.27428.2027
MinimumVisualStudioVersion = 10.0.40219.1
Project("{FAE04EC0-301F-11D3-BF4B-00C04F79EFBC}") = "ConsoleApp3", "ConsoleApp3\ConsoleApp3.csproj", "{E9D41DCD-8154-4AFF-A9EC-09BDD7111DFB}"
EndProject
Global
	GlobalSection(SolutionConfigurationPlatforms) = preSolution
		Debug|Any CPU = Debug|Any CPU
		Release|Any CPU = Release|Any CPU
	EndGlobalSection
	GlobalSection(ProjectConfigurationPlatforms) = postSolution
		{E9D41DCD-8154-4AFF-A9EC-09BDD7111DFB}.Debug|Any CPU.ActiveCfg = Debug|Any CPU
		{E9D41DCD-8154-4AFF-A9EC-09BDD7111DFB}.Debug|Any CPU.Build.0 = Debug|Any CPU
		{E9D41DCD-8154-4AFF-A9EC-09BDD7111DFB}.Release|Any CPU.ActiveCfg = Release|Any CPU
		{E9D41DCD-8154-4AFF-A9EC-09BDD7111DFB}.Release|Any CPU.Build.0 = Release|Any CPU
	EndGlobalSection
	GlobalSection(SolutionProperties) = preSolution
		HideSolutionNode = FALSE
	EndGlobalSection
	GlobalSection(ExtensibilityGlobals) = postSolution
		SolutionGuid = {FF3A9F0E-787E-49CC-9AD8-6B39DE8B9078}
	EndGlobalSection
EndGlobal
