
Microsoft Visual Studio Solution File, Format Version 12.00
# Visual Studio 15
VisualStudioVersion = 15.0.27428.2027
MinimumVisualStudioVersion = 10.0.40219.1
Project("{FAE04EC0-301F-11D3-BF4B-00C04F79EFBC}") = "ConsoleApp1", "ConsoleApp1\ConsoleApp1.csproj", "{269A4C7E-0ACA-4591-ACC8-2F07ED91DB49}"
EndProject
Global
	GlobalSection(SolutionConfigurationPlatforms) = preSolution
		Debug|Any CPU = Debug|Any CPU
		Release|Any CPU = Release|Any CPU
	EndGlobalSection
	GlobalSection(ProjectConfigurationPlatforms) = postSolution
		{269A4C7E-0ACA-4591-ACC8-2F07ED91DB49}.Debug|Any CPU.ActiveCfg = Debug|Any CPU
		{269A4C7E-0ACA-4591-ACC8-2F07ED91DB49}.Debug|Any CPU.Build.0 = Debug|Any CPU
		{269A4C7E-0ACA-4591-ACC8-2F07ED91DB49}.Release|Any CPU.ActiveCfg = Release|Any CPU
		{269A4C7E-0ACA-4591-ACC8-2F07ED91DB49}.Release|Any CPU.Build.0 = Release|Any CPU
	EndGlobalSection
	GlobalSection(SolutionProperties) = preSolution
		HideSolutionNode = FALSE
	EndGlobalSection
	GlobalSection(ExtensibilityGlobals) = postSolution
		SolutionGuid = {F9C1AB4C-898E-4F57-AE10-A4F42D7EB717}
	EndGlobalSection
EndGlobal
